
Microsoft Visual Studio Solution File, Format Version 12.00
# Visual Studio 15
VisualStudioVersion = 15.0.27703.2042
MinimumVisualStudioVersion = 10.0.40219.1
Project("{FAE04EC0-301F-11D3-BF4B-00C04F79EFBC}") = "BankOcr", "BankOcr\BankOcr.csproj", "{A19CA445-E3DD-4279-9A67-D85484754047}"
EndProject
Global
	GlobalSection(SolutionConfigurationPlatforms) = preSolution
		Debug|Any CPU = Debug|Any CPU
		Release|Any CPU = Release|Any CPU
	EndGlobalSection
	GlobalSection(ProjectConfigurationPlatforms) = postSolution
		{A19CA445-E3DD-4279-9A67-D85484754047}.Debug|Any CPU.ActiveCfg = Debug|Any CPU
		{A19CA445-E3DD-4279-9A67-D85484754047}.Debug|Any CPU.Build.0 = Debug|Any CPU
		{A19CA445-E3DD-4279-9A67-D85484754047}.Release|Any CPU.ActiveCfg = Release|Any CPU
		{A19CA445-E3DD-4279-9A67-D85484754047}.Release|Any CPU.Build.0 = Release|Any CPU
	EndGlobalSection
	GlobalSection(SolutionProperties) = preSolution
		HideSolutionNode = FALSE
	EndGlobalSection
	GlobalSection(ExtensibilityGlobals) = postSolution
		SolutionGuid = {42D22A6F-CAA3-4A28-9B98-557B65C07139}
	EndGlobalSection
EndGlobal
